
Microsoft Visual Studio Solution File, Format Version 12.00
# Visual Studio Version 17
VisualStudioVersion = 17.6.33717.318
MinimumVisualStudioVersion = 10.0.40219.1
Project("{FAE04EC0-301F-11D3-BF4B-00C04F79EFBC}") = "ConsoleTest", "ConsoleTest\ConsoleTest.csproj", "{9BE0C859-44FA-4B43-B758-70FFFE160EFA}"
EndProject
Project("{FAE04EC0-301F-11D3-BF4B-00C04F79EFBC}") = "LibPostalClient", "LibPostalClient\LibPostalClient.csproj", "{16B4053A-2C86-4400-AE97-FE44CEC638FD}"
EndProject
Project("{FAE04EC0-301F-11D3-BF4B-00C04F79EFBC}") = "LibPostalNet", "LibPostalNet\LibPostalNet.csproj", "{7154A21B-B8A8-4A1F-A1DB-078C1F1B600E}"
EndProject
Project("{FAE04EC0-301F-11D3-BF4B-00C04F79EFBC}") = "LibPostalService", "LibPostalService\LibPostalService.csproj", "{42557ACD-692F-44AD-96A6-565C2EAF7883}"
EndProject
Global
	GlobalSection(SolutionConfigurationPlatforms) = preSolution
		Debug|Any CPU = Debug|Any CPU
		Debug|x64 = Debug|x64
		Debug|x86 = Debug|x86
		Release|Any CPU = Release|Any CPU
		Release|x64 = Release|x64
		Release|x86 = Release|x86
	EndGlobalSection
	GlobalSection(ProjectConfigurationPlatforms) = postSolution
		{9BE0C859-44FA-4B43-B758-70FFFE160EFA}.Debug|Any CPU.ActiveCfg = Debug|Any CPU
		{9BE0C859-44FA-4B43-B758-70FFFE160EFA}.Debug|Any CPU.Build.0 = Debug|Any CPU
		{9BE0C859-44FA-4B43-B758-70FFFE160EFA}.Debug|x64.ActiveCfg = Debug|Any CPU
		{9BE0C859-44FA-4B43-B758-70FFFE160EFA}.Debug|x64.Build.0 = Debug|Any CPU
		{9BE0C859-44FA-4B43-B758-70FFFE160EFA}.Debug|x86.ActiveCfg = Debug|Any CPU
		{9BE0C859-44FA-4B43-B758-70FFFE160EFA}.Debug|x86.Build.0 = Debug|Any CPU
		{9BE0C859-44FA-4B43-B758-70FFFE160EFA}.Release|Any CPU.ActiveCfg = Release|Any CPU
		{9BE0C859-44FA-4B43-B758-70FFFE160EFA}.Release|Any CPU.Build.0 = Release|Any CPU
		{9BE0C859-44FA-4B43-B758-70FFFE160EFA}.Release|x64.ActiveCfg = Release|Any CPU
		{9BE0C859-44FA-4B43-B758-70FFFE160EFA}.Release|x64.Build.0 = Release|Any CPU
		{9BE0C859-44FA-4B43-B758-70FFFE160EFA}.Release|x86.ActiveCfg = Release|Any CPU
		{9BE0C859-44FA-4B43-B758-70FFFE160EFA}.Release|x86.Build.0 = Release|Any CPU
		{16B4053A-2C86-4400-AE97-FE44CEC638FD}.Debug|Any CPU.ActiveCfg = Debug|Any CPU
		{16B4053A-2C86-4400-AE97-FE44CEC638FD}.Debug|Any CPU.Build.0 = Debug|Any CPU
		{16B4053A-2C86-4400-AE97-FE44CEC638FD}.Debug|x64.ActiveCfg = Debug|Any CPU
		{16B4053A-2C86-4400-AE97-FE44CEC638FD}.Debug|x64.Build.0 = Debug|Any CPU
		{16B4053A-2C86-4400-AE97-FE44CEC638FD}.Debug|x86.ActiveCfg = Debug|Any CPU
		{16B4053A-2C86-4400-AE97-FE44CEC638FD}.Debug|x86.Build.0 = Debug|Any CPU
		{16B4053A-2C86-4400-AE97-FE44CEC638FD}.Release|Any CPU.ActiveCfg = Release|Any CPU
		{16B4053A-2C86-4400-AE97-FE44CEC638FD}.Release|Any CPU.Build.0 = Release|Any CPU
		{16B4053A-2C86-4400-AE97-FE44CEC638FD}.Release|x64.ActiveCfg = Release|Any CPU
		{16B4053A-2C86-4400-AE97-FE44CEC638FD}.Release|x64.Build.0 = Release|Any CPU
		{16B4053A-2C86-4400-AE97-FE44CEC638FD}.Release|x86.ActiveCfg = Release|Any CPU
		{16B4053A-2C86-4400-AE97-FE44CEC638FD}.Release|x86.Build.0 = Release|Any CPU
		{7154A21B-B8A8-4A1F-A1DB-078C1F1B600E}.Debug|Any CPU.ActiveCfg = Debug|Any CPU
		{7154A21B-B8A8-4A1F-A1DB-078C1F1B600E}.Debug|Any CPU.Build.0 = Debug|Any CPU
		{7154A21B-B8A8-4A1F-A1DB-078C1F1B600E}.Debug|x64.ActiveCfg = Debug|x64
		{7154A21B-B8A8-4A1F-A1DB-078C1F1B600E}.Debug|x64.Build.0 = Debug|x64
		{7154A21B-B8A8-4A1F-A1DB-078C1F1B600E}.Debug|x86.ActiveCfg = Debug|x86
		{7154A21B-B8A8-4A1F-A1DB-078C1F1B600E}.Debug|x86.Build.0 = Debug|x86
		{7154A21B-B8A8-4A1F-A1DB-078C1F1B600E}.Release|Any CPU.ActiveCfg = Release|Any CPU
		{7154A21B-B8A8-4A1F-A1DB-078C1F1B600E}.Release|Any CPU.Build.0 = Release|Any CPU
		{7154A21B-B8A8-4A1F-A1DB-078C1F1B600E}.Release|x64.ActiveCfg = Release|x64
		{7154A21B-B8A8-4A1F-A1DB-078C1F1B600E}.Release|x64.Build.0 = Release|x64
		{7154A21B-B8A8-4A1F-A1DB-078C1F1B600E}.Release|x86.ActiveCfg = Release|x86
		{7154A21B-B8A8-4A1F-A1DB-078C1F1B600E}.Release|x86.Build.0 = Release|x86
		{42557ACD-692F-44AD-96A6-565C2EAF7883}.Debug|Any CPU.ActiveCfg = Debug|Any CPU
		{42557ACD-692F-44AD-96A6-565C2EAF7883}.Debug|Any CPU.Build.0 = Debug|Any CPU
		{42557ACD-692F-44AD-96A6-565C2EAF7883}.Debug|x64.ActiveCfg = Debug|x64
		{42557ACD-692F-44AD-96A6-565C2EAF7883}.Debug|x64.Build.0 = Debug|x64
		{42557ACD-692F-44AD-96A6-565C2EAF7883}.Debug|x86.ActiveCfg = Debug|Any CPU
		{42557ACD-692F-44AD-96A6-565C2EAF7883}.Debug|x86.Build.0 = Debug|Any CPU
		{42557ACD-692F-44AD-96A6-565C2EAF7883}.Release|Any CPU.ActiveCfg = Release|Any CPU
		{42557ACD-692F-44AD-96A6-565C2EAF7883}.Release|Any CPU.Build.0 = Release|Any CPU
		{42557ACD-692F-44AD-96A6-565C2EAF7883}.Release|x64.ActiveCfg = Release|x64
		{42557ACD-692F-44AD-96A6-565C2EAF7883}.Release|x64.Build.0 = Release|x64
		{42557ACD-692F-44AD-96A6-565C2EAF7883}.Release|x86.ActiveCfg = Release|Any CPU
		{42557ACD-692F-44AD-96A6-565C2EAF7883}.Release|x86.Build.0 = Release|Any CPU
	EndGlobalSection
	GlobalSection(SolutionProperties) = preSolution
		HideSolutionNode = FALSE
	EndGlobalSection
	GlobalSection(ExtensibilityGlobals) = postSolution
		SolutionGuid = {06D891FC-8425-4FB3-B6C9-7230C452440B}
	EndGlobalSection
EndGlobal
